
Microsoft Visual Studio Solution File, Format Version 12.00
# Visual Studio 15
VisualStudioVersion = 15.0.27428.2015
MinimumVisualStudioVersion = 10.0.40219.1
Project("{FAE04EC0-301F-11D3-BF4B-00C04F79EFBC}") = "MyPortfolio", "MyPortfolio\MyPortfolio.csproj", "{DD7472A9-FB7B-40DD-9455-5F3A54EEDEC4}"
EndProject
Global
	GlobalSection(SolutionConfigurationPlatforms) = preSolution
		Debug|Any CPU = Debug|Any CPU
		Release|Any CPU = Release|Any CPU
	EndGlobalSection
	GlobalSection(ProjectConfigurationPlatforms) = postSolution
		{DD7472A9-FB7B-40DD-9455-5F3A54EEDEC4}.Debug|Any CPU.ActiveCfg = Debug|Any CPU
		{DD7472A9-FB7B-40DD-9455-5F3A54EEDEC4}.Debug|Any CPU.Build.0 = Debug|Any CPU
		{DD7472A9-FB7B-40DD-9455-5F3A54EEDEC4}.Release|Any CPU.ActiveCfg = Release|Any CPU
		{DD7472A9-FB7B-40DD-9455-5F3A54EEDEC4}.Release|Any CPU.Build.0 = Release|Any CPU
	EndGlobalSection
	GlobalSection(SolutionProperties) = preSolution
		HideSolutionNode = FALSE
	EndGlobalSection
	GlobalSection(ExtensibilityGlobals) = postSolution
		SolutionGuid = {5B791EE8-E0A7-45BC-8549-F8B1FD4F588A}
	EndGlobalSection
EndGlobal
